// !$*UTF8*$!
{
	archiveVersion = 1;
	classes = {
	};
	objectVersion = 55;
	objects = {

/* Begin PBXBuildFile section */
		D70DC4E12B4ED06600C643E0 /* SelectableViewModifier.swift in Sources */ = {isa = PBXBuildFile; fileRef = D70DC45B2B4ED06500C643E0 /* SelectableViewModifier.swift */; };
		D70DC4E22B4ED06600C643E0 /* CirclyModifier.swift in Sources */ = {isa = PBXBuildFile; fileRef = D70DC45C2B4ED06500C643E0 /* CirclyModifier.swift */; };
		D70DC4E32B4ED06600C643E0 /* View+Extension.swift in Sources */ = {isa = PBXBuildFile; fileRef = D70DC45E2B4ED06500C643E0 /* View+Extension.swift */; };
		D70DC4E42B4ED06600C643E0 /* TextFieldAlert.swift in Sources */ = {isa = PBXBuildFile; fileRef = D70DC4602B4ED06500C643E0 /* TextFieldAlert.swift */; };
		D70DC4E52B4ED06600C643E0 /* AlgorithmListScreenViewModel.swift in Sources */ = {isa = PBXBuildFile; fileRef = D70DC4642B4ED06500C643E0 /* AlgorithmListScreenViewModel.swift */; };
		D70DC4E62B4ED06600C643E0 /* ActiveStateListViewModel.swift in Sources */ = {isa = PBXBuildFile; fileRef = D70DC4652B4ED06500C643E0 /* ActiveStateListViewModel.swift */; };
		D70DC4E72B4ED06600C643E0 /* AlgorithmCellView.swift in Sources */ = {isa = PBXBuildFile; fileRef = D70DC4672B4ED06500C643E0 /* AlgorithmCellView.swift */; };
		D70DC4E82B4ED06600C643E0 /* EmptyFolderMessageView.swift in Sources */ = {isa = PBXBuildFile; fileRef = D70DC4682B4ED06500C643E0 /* EmptyFolderMessageView.swift */; };
		D70DC4E92B4ED06600C643E0 /* AlgorithmListScreen.swift in Sources */ = {isa = PBXBuildFile; fileRef = D70DC4692B4ED06500C643E0 /* AlgorithmListScreen.swift */; };
		D70DC4EA2B4ED06600C643E0 /* ActiveStateListScreen.swift in Sources */ = {isa = PBXBuildFile; fileRef = D70DC46A2B4ED06500C643E0 /* ActiveStateListScreen.swift */; };
		D70DC4EB2B4ED06600C643E0 /* NewAlgorithmButton.swift in Sources */ = {isa = PBXBuildFile; fileRef = D70DC46B2B4ED06500C643E0 /* NewAlgorithmButton.swift */; };
		D70DC4EC2B4ED06600C643E0 /* AlgorithmImporter.swift in Sources */ = {isa = PBXBuildFile; fileRef = D70DC46D2B4ED06500C643E0 /* AlgorithmImporter.swift */; };
		D70DC4ED2B4ED06600C643E0 /* CombinationListViewModel.swift in Sources */ = {isa = PBXBuildFile; fileRef = D70DC4702B4ED06500C643E0 /* CombinationListViewModel.swift */; };
		D70DC4EE2B4ED06600C643E0 /* CombinationConfigListView.swift in Sources */ = {isa = PBXBuildFile; fileRef = D70DC4722B4ED06500C643E0 /* CombinationConfigListView.swift */; };
		D70DC4EF2B4ED06600C643E0 /* CombinationView.swift in Sources */ = {isa = PBXBuildFile; fileRef = D70DC4732B4ED06500C643E0 /* CombinationView.swift */; };
		D70DC4F02B4ED06600C643E0 /* MachineStateListViewModel.swift in Sources */ = {isa = PBXBuildFile; fileRef = D70DC4762B4ED06500C643E0 /* MachineStateListViewModel.swift */; };
		D70DC4F12B4ED06600C643E0 /* MachineStateSelectableListView.swift in Sources */ = {isa = PBXBuildFile; fileRef = D70DC4782B4ED06500C643E0 /* MachineStateSelectableListView.swift */; };
		D70DC4F22B4ED06600C643E0 /* MachineStateListScreen.swift in Sources */ = {isa = PBXBuildFile; fileRef = D70DC4792B4ED06500C643E0 /* MachineStateListScreen.swift */; };
		D70DC4F32B4ED06600C643E0 /* OptionSharedStore.swift in Sources */ = {isa = PBXBuildFile; fileRef = D70DC47B2B4ED06500C643E0 /* OptionSharedStore.swift */; };
		D70DC4F42B4ED06600C643E0 /* OptionListViewModel.swift in Sources */ = {isa = PBXBuildFile; fileRef = D70DC47D2B4ED06500C643E0 /* OptionListViewModel.swift */; };
		D70DC4F52B4ED06600C643E0 /* OptionDestinationMachineStateViewModel.swift in Sources */ = {isa = PBXBuildFile; fileRef = D70DC47E2B4ED06500C643E0 /* OptionDestinationMachineStateViewModel.swift */; };
		D70DC4F62B4ED06600C643E0 /* OptionViewModel.swift in Sources */ = {isa = PBXBuildFile; fileRef = D70DC47F2B4ED06500C643E0 /* OptionViewModel.swift */; };
		D70DC4F72B4ED06600C643E0 /* OptionListScreen.swift in Sources */ = {isa = PBXBuildFile; fileRef = D70DC4812B4ED06500C643E0 /* OptionListScreen.swift */; };
		D70DC4F82B4ED06600C643E0 /* OptionScreen.swift in Sources */ = {isa = PBXBuildFile; fileRef = D70DC4822B4ED06500C643E0 /* OptionScreen.swift */; };
		D70DC4F92B4ED06600C643E0 /* OptionDestinationMachineStateScreen.swift in Sources */ = {isa = PBXBuildFile; fileRef = D70DC4832B4ED06500C643E0 /* OptionDestinationMachineStateScreen.swift */; };
		D70DC4FA2B4ED06600C643E0 /* FolderListScreenViewModel.swift in Sources */ = {isa = PBXBuildFile; fileRef = D70DC4862B4ED06500C643E0 /* FolderListScreenViewModel.swift */; };
		D70DC4FC2B4ED06600C643E0 /* FolderCellView.swift in Sources */ = {isa = PBXBuildFile; fileRef = D70DC4892B4ED06500C643E0 /* FolderCellView.swift */; };
		D70DC4FD2B4ED06600C643E0 /* FolderListScreen.swift in Sources */ = {isa = PBXBuildFile; fileRef = D70DC48A2B4ED06500C643E0 /* FolderListScreen.swift */; };
		D70DC4FE2B4ED06600C643E0 /* RootView.swift in Sources */ = {isa = PBXBuildFile; fileRef = D70DC48C2B4ED06500C643E0 /* RootView.swift */; };
		D70DC4FF2B4ED06600C643E0 /* Page.swift in Sources */ = {isa = PBXBuildFile; fileRef = D70DC48E2B4ED06500C643E0 /* Page.swift */; };
		D70DC5002B4ED06600C643E0 /* Coordinator.swift in Sources */ = {isa = PBXBuildFile; fileRef = D70DC48F2B4ED06500C643E0 /* Coordinator.swift */; };
		D70DC5012B4ED06600C643E0 /* TapeListViewModel.swift in Sources */ = {isa = PBXBuildFile; fileRef = D70DC4922B4ED06500C643E0 /* TapeListViewModel.swift */; };
		D70DC5022B4ED06600C643E0 /* TapeConfigListViewModel.swift in Sources */ = {isa = PBXBuildFile; fileRef = D70DC4932B4ED06500C643E0 /* TapeConfigListViewModel.swift */; };
		D70DC5032B4ED06600C643E0 /* TapeListView.swift in Sources */ = {isa = PBXBuildFile; fileRef = D70DC4952B4ED06500C643E0 /* TapeListView.swift */; };
		D70DC5042B4ED06600C643E0 /* TapeConfigView.swift in Sources */ = {isa = PBXBuildFile; fileRef = D70DC4962B4ED06500C643E0 /* TapeConfigView.swift */; };
		D70DC5052B4ED06600C643E0 /* TapeComponentsLineView.swift in Sources */ = {isa = PBXBuildFile; fileRef = D70DC4972B4ED06500C643E0 /* TapeComponentsLineView.swift */; };
		D70DC5062B4ED06600C643E0 /* TapeView.swift in Sources */ = {isa = PBXBuildFile; fileRef = D70DC4982B4ED06500C643E0 /* TapeView.swift */; };
		D70DC5072B4ED06600C643E0 /* TapeComponentView.swift in Sources */ = {isa = PBXBuildFile; fileRef = D70DC4992B4ED06500C643E0 /* TapeComponentView.swift */; };
		D70DC5082B4ED06600C643E0 /* TapeConfigListScreen.swift in Sources */ = {isa = PBXBuildFile; fileRef = D70DC49A2B4ED06500C643E0 /* TapeConfigListScreen.swift */; };
		D70DC5092B4ED06600C643E0 /* AlgorithmViewModel.swift in Sources */ = {isa = PBXBuildFile; fileRef = D70DC49D2B4ED06500C643E0 /* AlgorithmViewModel.swift */; };
		D70DC50A2B4ED06600C643E0 /* AlgorithmSharedStore.swift in Sources */ = {isa = PBXBuildFile; fileRef = D70DC49E2B4ED06500C643E0 /* AlgorithmSharedStore.swift */; };
		D70DC50B2B4ED06600C643E0 /* AlgorithmScreen.swift in Sources */ = {isa = PBXBuildFile; fileRef = D70DC4A02B4ED06500C643E0 /* AlgorithmScreen.swift */; };
		D70DC50C2B4ED06600C643E0 /* PlayStackView.swift in Sources */ = {isa = PBXBuildFile; fileRef = D70DC4A12B4ED06500C643E0 /* PlayStackView.swift */; };
		D70DC50D2B4ED06600C643E0 /* ConfigurationsView.swift in Sources */ = {isa = PBXBuildFile; fileRef = D70DC4A22B4ED06500C643E0 /* ConfigurationsView.swift */; };
		D70DC50F2B4ED06600C643E0 /* CombinationRepository.swift in Sources */ = {isa = PBXBuildFile; fileRef = D70DC4A72B4ED06500C643E0 /* CombinationRepository.swift */; };
		D70DC5102B4ED06600C643E0 /* OptionRepository.swift in Sources */ = {isa = PBXBuildFile; fileRef = D70DC4A82B4ED06500C643E0 /* OptionRepository.swift */; };
		D70DC5112B4ED06600C643E0 /* TapeRepository.swift in Sources */ = {isa = PBXBuildFile; fileRef = D70DC4A92B4ED06500C643E0 /* TapeRepository.swift */; };
		D70DC5122B4ED06600C643E0 /* FolderRepository.swift in Sources */ = {isa = PBXBuildFile; fileRef = D70DC4AA2B4ED06500C643E0 /* FolderRepository.swift */; };
		D70DC5132B4ED06600C643E0 /* AlgorithmRepository.swift in Sources */ = {isa = PBXBuildFile; fileRef = D70DC4AB2B4ED06500C643E0 /* AlgorithmRepository.swift */; };
		D70DC5142B4ED06600C643E0 /* MachineStateRepository.swift in Sources */ = {isa = PBXBuildFile; fileRef = D70DC4AC2B4ED06500C643E0 /* MachineStateRepository.swift */; };
		D70DC5152B4ED06600C643E0 /* Option.swift in Sources */ = {isa = PBXBuildFile; fileRef = D70DC4AE2B4ED06500C643E0 /* Option.swift */; };
		D70DC5162B4ED06600C643E0 /* Folder.swift in Sources */ = {isa = PBXBuildFile; fileRef = D70DC4AF2B4ED06500C643E0 /* Folder.swift */; };
		D70DC5172B4ED06600C643E0 /* Algorithm.swift in Sources */ = {isa = PBXBuildFile; fileRef = D70DC4B02B4ED06500C643E0 /* Algorithm.swift */; };
		D70DC5182B4ED06600C643E0 /* MachineState.swift in Sources */ = {isa = PBXBuildFile; fileRef = D70DC4B12B4ED06500C643E0 /* MachineState.swift */; };
		D70DC5192B4ED06600C643E0 /* Tape.swift in Sources */ = {isa = PBXBuildFile; fileRef = D70DC4B22B4ED06500C643E0 /* Tape.swift */; };
		D70DC51A2B4ED06600C643E0 /* Combination.swift in Sources */ = {isa = PBXBuildFile; fileRef = D70DC4B32B4ED06500C643E0 /* Combination.swift */; };
		D70DC51B2B4ED06600C643E0 /* Direction.swift in Sources */ = {isa = PBXBuildFile; fileRef = D70DC4B42B4ED06500C643E0 /* Direction.swift */; };
		D70DC51C2B4ED06600C643E0 /* AppImages.swift in Sources */ = {isa = PBXBuildFile; fileRef = D70DC4B62B4ED06600C643E0 /* AppImages.swift */; };
		D70DC51E2B4ED06600C643E0 /* Colors.swift in Sources */ = {isa = PBXBuildFile; fileRef = D70DC4B82B4ED06600C643E0 /* Colors.swift */; };
		D70DC51F2B4ED06600C643E0 /* DefaultAlgorithmRepository.swift in Sources */ = {isa = PBXBuildFile; fileRef = D70DC4BB2B4ED06600C643E0 /* DefaultAlgorithmRepository.swift */; };
		D70DC5202B4ED06600C643E0 /* DefaultFolderRepository.swift in Sources */ = {isa = PBXBuildFile; fileRef = D70DC4BC2B4ED06600C643E0 /* DefaultFolderRepository.swift */; };
		D70DC5212B4ED06600C643E0 /* DefaultMachineStateRepository.swift in Sources */ = {isa = PBXBuildFile; fileRef = D70DC4BD2B4ED06600C643E0 /* DefaultMachineStateRepository.swift */; };
		D70DC5222B4ED06600C643E0 /* DefaultCombinationRepository.swift in Sources */ = {isa = PBXBuildFile; fileRef = D70DC4BE2B4ED06600C643E0 /* DefaultCombinationRepository.swift */; };
		D70DC5232B4ED06600C643E0 /* DefaultOptionRepository.swift in Sources */ = {isa = PBXBuildFile; fileRef = D70DC4BF2B4ED06600C643E0 /* DefaultOptionRepository.swift */; };
		D70DC5242B4ED06600C643E0 /* FakeTapeRepository.swift in Sources */ = {isa = PBXBuildFile; fileRef = D70DC4C12B4ED06600C643E0 /* FakeTapeRepository.swift */; };
		D70DC5252B4ED06600C643E0 /* FakeOptionRepository.swift in Sources */ = {isa = PBXBuildFile; fileRef = D70DC4C22B4ED06600C643E0 /* FakeOptionRepository.swift */; };
		D70DC5262B4ED06600C643E0 /* FakeMachineStateRepository.swift in Sources */ = {isa = PBXBuildFile; fileRef = D70DC4C32B4ED06600C643E0 /* FakeMachineStateRepository.swift */; };
		D70DC5272B4ED06600C643E0 /* FakeAlgorithmRepository.swift in Sources */ = {isa = PBXBuildFile; fileRef = D70DC4C42B4ED06600C643E0 /* FakeAlgorithmRepository.swift */; };
		D70DC5282B4ED06600C643E0 /* FakeFolderRepository.swift in Sources */ = {isa = PBXBuildFile; fileRef = D70DC4C52B4ED06600C643E0 /* FakeFolderRepository.swift */; };
		D70DC5292B4ED06600C643E0 /* FakeCombinationRepository.swift in Sources */ = {isa = PBXBuildFile; fileRef = D70DC4C62B4ED06600C643E0 /* FakeCombinationRepository.swift */; };
		D70DC52A2B4ED06600C643E0 /* DefaultTapeRepository.swift in Sources */ = {isa = PBXBuildFile; fileRef = D70DC4C72B4ED06600C643E0 /* DefaultTapeRepository.swift */; };
		D70DC52B2B4ED06600C643E0 /* ImportError.swift in Sources */ = {isa = PBXBuildFile; fileRef = D70DC4C92B4ED06600C643E0 /* ImportError.swift */; };
		D70DC52C2B4ED06600C643E0 /* CDError.swift in Sources */ = {isa = PBXBuildFile; fileRef = D70DC4CA2B4ED06600C643E0 /* CDError.swift */; };
		D70DC52D2B4ED06600C643E0 /* Resolver+ViewModels.swift in Sources */ = {isa = PBXBuildFile; fileRef = D70DC4CD2B4ED06600C643E0 /* Resolver+ViewModels.swift */; };
		D70DC52E2B4ED06600C643E0 /* Resolver.swift in Sources */ = {isa = PBXBuildFile; fileRef = D70DC4CE2B4ED06600C643E0 /* Resolver.swift */; };
		D70DC52F2B4ED06600C643E0 /* Resolver+Persistence.swift in Sources */ = {isa = PBXBuildFile; fileRef = D70DC4CF2B4ED06600C643E0 /* Resolver+Persistence.swift */; };
		D70DC5302B4ED06600C643E0 /* Resolver+Repositories.swift in Sources */ = {isa = PBXBuildFile; fileRef = D70DC4D02B4ED06600C643E0 /* Resolver+Repositories.swift */; };
		D70DC5312B4ED06600C643E0 /* AppLogger.swift in Sources */ = {isa = PBXBuildFile; fileRef = D70DC4D22B4ED06600C643E0 /* AppLogger.swift */; };
		D70DC5322B4ED06600C643E0 /* Optional+Extension.swift in Sources */ = {isa = PBXBuildFile; fileRef = D70DC4D42B4ED06600C643E0 /* Optional+Extension.swift */; };
		D70DC5332B4ED06600C643E0 /* CDAlgorithm+Extension.swift in Sources */ = {isa = PBXBuildFile; fileRef = D70DC4D62B4ED06600C643E0 /* CDAlgorithm+Extension.swift */; };
		D70DC5342B4ED06600C643E0 /* CDFolder+Extension.swift in Sources */ = {isa = PBXBuildFile; fileRef = D70DC4D72B4ED06600C643E0 /* CDFolder+Extension.swift */; };
		D70DC5352B4ED06600C643E0 /* CDMachineState+Extension.swift in Sources */ = {isa = PBXBuildFile; fileRef = D70DC4D82B4ED06600C643E0 /* CDMachineState+Extension.swift */; };
		D70DC5362B4ED06600C643E0 /* CDOption+Extension.swift in Sources */ = {isa = PBXBuildFile; fileRef = D70DC4D92B4ED06600C643E0 /* CDOption+Extension.swift */; };
		D70DC5372B4ED06600C643E0 /* String+Extension.swift in Sources */ = {isa = PBXBuildFile; fileRef = D70DC4DA2B4ED06600C643E0 /* String+Extension.swift */; };
		D70DC5382B4ED06600C643E0 /* Array+Extension.swift in Sources */ = {isa = PBXBuildFile; fileRef = D70DC4DB2B4ED06600C643E0 /* Array+Extension.swift */; };
		D70DC5392B4ED06600C643E0 /* PersistenceController.swift in Sources */ = {isa = PBXBuildFile; fileRef = D70DC4DD2B4ED06600C643E0 /* PersistenceController.swift */; };
		D70DC53A2B4ED06600C643E0 /* TuringMachineCoreData.xcdatamodeld in Sources */ = {isa = PBXBuildFile; fileRef = D70DC4DE2B4ED06600C643E0 /* TuringMachineCoreData.xcdatamodeld */; };
		D70DC53B2B4ED06600C643E0 /* AppEnvironment.swift in Sources */ = {isa = PBXBuildFile; fileRef = D70DC4E02B4ED06600C643E0 /* AppEnvironment.swift */; };
		D70DC53E2B4ED49A00C643E0 /* Swinject in Frameworks */ = {isa = PBXBuildFile; productRef = D70DC53D2B4ED49A00C643E0 /* Swinject */; };
		D769C8652B594542007E8375 /* AlgorithmInfoScreen.swift in Sources */ = {isa = PBXBuildFile; fileRef = D769C8642B594542007E8375 /* AlgorithmInfoScreen.swift */; };
		D769C8672B5947A4007E8375 /* AlgorithmInfoViewModel.swift in Sources */ = {isa = PBXBuildFile; fileRef = D769C8662B5947A4007E8375 /* AlgorithmInfoViewModel.swift */; };
		D7B0349228BCF41500F3B135 /* DocumentManager.swift in Sources */ = {isa = PBXBuildFile; fileRef = D7B0349128BCF41500F3B135 /* DocumentManager.swift */; };
		D7E8A86028B56F2200F40736 /* TuringMachineSimulatorApp.swift in Sources */ = {isa = PBXBuildFile; fileRef = D7E8A85F28B56F2200F40736 /* TuringMachineSimulatorApp.swift */; };
		D7E8A86428B56F2C00F40736 /* Assets.xcassets in Resources */ = {isa = PBXBuildFile; fileRef = D7E8A86328B56F2C00F40736 /* Assets.xcassets */; };
		D7E8A86728B56F2C00F40736 /* Preview Assets.xcassets in Resources */ = {isa = PBXBuildFile; fileRef = D7E8A86628B56F2C00F40736 /* Preview Assets.xcassets */; };
/* End PBXBuildFile section */

/* Begin PBXFileReference section */
		D70DC45B2B4ED06500C643E0 /* SelectableViewModifier.swift */ = {isa = PBXFileReference; fileEncoding = 4; lastKnownFileType = sourcecode.swift; path = SelectableViewModifier.swift; sourceTree = "<group>"; };
		D70DC45C2B4ED06500C643E0 /* CirclyModifier.swift */ = {isa = PBXFileReference; fileEncoding = 4; lastKnownFileType = sourcecode.swift; path = CirclyModifier.swift; sourceTree = "<group>"; };
		D70DC45E2B4ED06500C643E0 /* View+Extension.swift */ = {isa = PBXFileReference; fileEncoding = 4; lastKnownFileType = sourcecode.swift; path = "View+Extension.swift"; sourceTree = "<group>"; };
		D70DC4602B4ED06500C643E0 /* TextFieldAlert.swift */ = {isa = PBXFileReference; fileEncoding = 4; lastKnownFileType = sourcecode.swift; path = TextFieldAlert.swift; sourceTree = "<group>"; };
		D70DC4642B4ED06500C643E0 /* AlgorithmListScreenViewModel.swift */ = {isa = PBXFileReference; fileEncoding = 4; lastKnownFileType = sourcecode.swift; path = AlgorithmListScreenViewModel.swift; sourceTree = "<group>"; };
		D70DC4652B4ED06500C643E0 /* ActiveStateListViewModel.swift */ = {isa = PBXFileReference; fileEncoding = 4; lastKnownFileType = sourcecode.swift; path = ActiveStateListViewModel.swift; sourceTree = "<group>"; };
		D70DC4672B4ED06500C643E0 /* AlgorithmCellView.swift */ = {isa = PBXFileReference; fileEncoding = 4; lastKnownFileType = sourcecode.swift; path = AlgorithmCellView.swift; sourceTree = "<group>"; };
		D70DC4682B4ED06500C643E0 /* EmptyFolderMessageView.swift */ = {isa = PBXFileReference; fileEncoding = 4; lastKnownFileType = sourcecode.swift; path = EmptyFolderMessageView.swift; sourceTree = "<group>"; };
		D70DC4692B4ED06500C643E0 /* AlgorithmListScreen.swift */ = {isa = PBXFileReference; fileEncoding = 4; lastKnownFileType = sourcecode.swift; path = AlgorithmListScreen.swift; sourceTree = "<group>"; };
		D70DC46A2B4ED06500C643E0 /* ActiveStateListScreen.swift */ = {isa = PBXFileReference; fileEncoding = 4; lastKnownFileType = sourcecode.swift; path = ActiveStateListScreen.swift; sourceTree = "<group>"; };
		D70DC46B2B4ED06500C643E0 /* NewAlgorithmButton.swift */ = {isa = PBXFileReference; fileEncoding = 4; lastKnownFileType = sourcecode.swift; path = NewAlgorithmButton.swift; sourceTree = "<group>"; };
		D70DC46D2B4ED06500C643E0 /* AlgorithmImporter.swift */ = {isa = PBXFileReference; fileEncoding = 4; lastKnownFileType = sourcecode.swift; path = AlgorithmImporter.swift; sourceTree = "<group>"; };
		D70DC4702B4ED06500C643E0 /* CombinationListViewModel.swift */ = {isa = PBXFileReference; fileEncoding = 4; lastKnownFileType = sourcecode.swift; path = CombinationListViewModel.swift; sourceTree = "<group>"; };
		D70DC4722B4ED06500C643E0 /* CombinationConfigListView.swift */ = {isa = PBXFileReference; fileEncoding = 4; lastKnownFileType = sourcecode.swift; path = CombinationConfigListView.swift; sourceTree = "<group>"; };
		D70DC4732B4ED06500C643E0 /* CombinationView.swift */ = {isa = PBXFileReference; fileEncoding = 4; lastKnownFileType = sourcecode.swift; path = CombinationView.swift; sourceTree = "<group>"; };
		D70DC4762B4ED06500C643E0 /* MachineStateListViewModel.swift */ = {isa = PBXFileReference; fileEncoding = 4; lastKnownFileType = sourcecode.swift; path = MachineStateListViewModel.swift; sourceTree = "<group>"; };
		D70DC4782B4ED06500C643E0 /* MachineStateSelectableListView.swift */ = {isa = PBXFileReference; fileEncoding = 4; lastKnownFileType = sourcecode.swift; path = MachineStateSelectableListView.swift; sourceTree = "<group>"; };
		D70DC4792B4ED06500C643E0 /* MachineStateListScreen.swift */ = {isa = PBXFileReference; fileEncoding = 4; lastKnownFileType = sourcecode.swift; path = MachineStateListScreen.swift; sourceTree = "<group>"; };
		D70DC47B2B4ED06500C643E0 /* OptionSharedStore.swift */ = {isa = PBXFileReference; fileEncoding = 4; lastKnownFileType = sourcecode.swift; path = OptionSharedStore.swift; sourceTree = "<group>"; };
		D70DC47D2B4ED06500C643E0 /* OptionListViewModel.swift */ = {isa = PBXFileReference; fileEncoding = 4; lastKnownFileType = sourcecode.swift; path = OptionListViewModel.swift; sourceTree = "<group>"; };
		D70DC47E2B4ED06500C643E0 /* OptionDestinationMachineStateViewModel.swift */ = {isa = PBXFileReference; fileEncoding = 4; lastKnownFileType = sourcecode.swift; path = OptionDestinationMachineStateViewModel.swift; sourceTree = "<group>"; };
		D70DC47F2B4ED06500C643E0 /* OptionViewModel.swift */ = {isa = PBXFileReference; fileEncoding = 4; lastKnownFileType = sourcecode.swift; path = OptionViewModel.swift; sourceTree = "<group>"; };
		D70DC4812B4ED06500C643E0 /* OptionListScreen.swift */ = {isa = PBXFileReference; fileEncoding = 4; lastKnownFileType = sourcecode.swift; path = OptionListScreen.swift; sourceTree = "<group>"; };
		D70DC4822B4ED06500C643E0 /* OptionScreen.swift */ = {isa = PBXFileReference; fileEncoding = 4; lastKnownFileType = sourcecode.swift; path = OptionScreen.swift; sourceTree = "<group>"; };
		D70DC4832B4ED06500C643E0 /* OptionDestinationMachineStateScreen.swift */ = {isa = PBXFileReference; fileEncoding = 4; lastKnownFileType = sourcecode.swift; path = OptionDestinationMachineStateScreen.swift; sourceTree = "<group>"; };
		D70DC4862B4ED06500C643E0 /* FolderListScreenViewModel.swift */ = {isa = PBXFileReference; fileEncoding = 4; lastKnownFileType = sourcecode.swift; path = FolderListScreenViewModel.swift; sourceTree = "<group>"; };
		D70DC4892B4ED06500C643E0 /* FolderCellView.swift */ = {isa = PBXFileReference; fileEncoding = 4; lastKnownFileType = sourcecode.swift; path = FolderCellView.swift; sourceTree = "<group>"; };
		D70DC48A2B4ED06500C643E0 /* FolderListScreen.swift */ = {isa = PBXFileReference; fileEncoding = 4; lastKnownFileType = sourcecode.swift; path = FolderListScreen.swift; sourceTree = "<group>"; };
		D70DC48C2B4ED06500C643E0 /* RootView.swift */ = {isa = PBXFileReference; fileEncoding = 4; lastKnownFileType = sourcecode.swift; path = RootView.swift; sourceTree = "<group>"; };
		D70DC48E2B4ED06500C643E0 /* Page.swift */ = {isa = PBXFileReference; fileEncoding = 4; lastKnownFileType = sourcecode.swift; path = Page.swift; sourceTree = "<group>"; };
		D70DC48F2B4ED06500C643E0 /* Coordinator.swift */ = {isa = PBXFileReference; fileEncoding = 4; lastKnownFileType = sourcecode.swift; path = Coordinator.swift; sourceTree = "<group>"; };
		D70DC4922B4ED06500C643E0 /* TapeListViewModel.swift */ = {isa = PBXFileReference; fileEncoding = 4; lastKnownFileType = sourcecode.swift; path = TapeListViewModel.swift; sourceTree = "<group>"; };
		D70DC4932B4ED06500C643E0 /* TapeConfigListViewModel.swift */ = {isa = PBXFileReference; fileEncoding = 4; lastKnownFileType = sourcecode.swift; path = TapeConfigListViewModel.swift; sourceTree = "<group>"; };
		D70DC4952B4ED06500C643E0 /* TapeListView.swift */ = {isa = PBXFileReference; fileEncoding = 4; lastKnownFileType = sourcecode.swift; path = TapeListView.swift; sourceTree = "<group>"; };
		D70DC4962B4ED06500C643E0 /* TapeConfigView.swift */ = {isa = PBXFileReference; fileEncoding = 4; lastKnownFileType = sourcecode.swift; path = TapeConfigView.swift; sourceTree = "<group>"; };
		D70DC4972B4ED06500C643E0 /* TapeComponentsLineView.swift */ = {isa = PBXFileReference; fileEncoding = 4; lastKnownFileType = sourcecode.swift; path = TapeComponentsLineView.swift; sourceTree = "<group>"; };
		D70DC4982B4ED06500C643E0 /* TapeView.swift */ = {isa = PBXFileReference; fileEncoding = 4; lastKnownFileType = sourcecode.swift; path = TapeView.swift; sourceTree = "<group>"; };
		D70DC4992B4ED06500C643E0 /* TapeComponentView.swift */ = {isa = PBXFileReference; fileEncoding = 4; lastKnownFileType = sourcecode.swift; path = TapeComponentView.swift; sourceTree = "<group>"; };
		D70DC49A2B4ED06500C643E0 /* TapeConfigListScreen.swift */ = {isa = PBXFileReference; fileEncoding = 4; lastKnownFileType = sourcecode.swift; path = TapeConfigListScreen.swift; sourceTree = "<group>"; };
		D70DC49D2B4ED06500C643E0 /* AlgorithmViewModel.swift */ = {isa = PBXFileReference; fileEncoding = 4; lastKnownFileType = sourcecode.swift; path = AlgorithmViewModel.swift; sourceTree = "<group>"; };
		D70DC49E2B4ED06500C643E0 /* AlgorithmSharedStore.swift */ = {isa = PBXFileReference; fileEncoding = 4; lastKnownFileType = sourcecode.swift; path = AlgorithmSharedStore.swift; sourceTree = "<group>"; };
		D70DC4A02B4ED06500C643E0 /* AlgorithmScreen.swift */ = {isa = PBXFileReference; fileEncoding = 4; lastKnownFileType = sourcecode.swift; path = AlgorithmScreen.swift; sourceTree = "<group>"; };
		D70DC4A12B4ED06500C643E0 /* PlayStackView.swift */ = {isa = PBXFileReference; fileEncoding = 4; lastKnownFileType = sourcecode.swift; path = PlayStackView.swift; sourceTree = "<group>"; };
		D70DC4A22B4ED06500C643E0 /* ConfigurationsView.swift */ = {isa = PBXFileReference; fileEncoding = 4; lastKnownFileType = sourcecode.swift; path = ConfigurationsView.swift; sourceTree = "<group>"; };
		D70DC4A72B4ED06500C643E0 /* CombinationRepository.swift */ = {isa = PBXFileReference; fileEncoding = 4; lastKnownFileType = sourcecode.swift; path = CombinationRepository.swift; sourceTree = "<group>"; };
		D70DC4A82B4ED06500C643E0 /* OptionRepository.swift */ = {isa = PBXFileReference; fileEncoding = 4; lastKnownFileType = sourcecode.swift; path = OptionRepository.swift; sourceTree = "<group>"; };
		D70DC4A92B4ED06500C643E0 /* TapeRepository.swift */ = {isa = PBXFileReference; fileEncoding = 4; lastKnownFileType = sourcecode.swift; path = TapeRepository.swift; sourceTree = "<group>"; };
		D70DC4AA2B4ED06500C643E0 /* FolderRepository.swift */ = {isa = PBXFileReference; fileEncoding = 4; lastKnownFileType = sourcecode.swift; path = FolderRepository.swift; sourceTree = "<group>"; };
		D70DC4AB2B4ED06500C643E0 /* AlgorithmRepository.swift */ = {isa = PBXFileReference; fileEncoding = 4; lastKnownFileType = sourcecode.swift; path = AlgorithmRepository.swift; sourceTree = "<group>"; };
		D70DC4AC2B4ED06500C643E0 /* MachineStateRepository.swift */ = {isa = PBXFileReference; fileEncoding = 4; lastKnownFileType = sourcecode.swift; path = MachineStateRepository.swift; sourceTree = "<group>"; };
		D70DC4AE2B4ED06500C643E0 /* Option.swift */ = {isa = PBXFileReference; fileEncoding = 4; lastKnownFileType = sourcecode.swift; path = Option.swift; sourceTree = "<group>"; };
		D70DC4AF2B4ED06500C643E0 /* Folder.swift */ = {isa = PBXFileReference; fileEncoding = 4; lastKnownFileType = sourcecode.swift; path = Folder.swift; sourceTree = "<group>"; };
		D70DC4B02B4ED06500C643E0 /* Algorithm.swift */ = {isa = PBXFileReference; fileEncoding = 4; lastKnownFileType = sourcecode.swift; path = Algorithm.swift; sourceTree = "<group>"; };
		D70DC4B12B4ED06500C643E0 /* MachineState.swift */ = {isa = PBXFileReference; fileEncoding = 4; lastKnownFileType = sourcecode.swift; path = MachineState.swift; sourceTree = "<group>"; };
		D70DC4B22B4ED06500C643E0 /* Tape.swift */ = {isa = PBXFileReference; fileEncoding = 4; lastKnownFileType = sourcecode.swift; path = Tape.swift; sourceTree = "<group>"; };
		D70DC4B32B4ED06500C643E0 /* Combination.swift */ = {isa = PBXFileReference; fileEncoding = 4; lastKnownFileType = sourcecode.swift; path = Combination.swift; sourceTree = "<group>"; };
		D70DC4B42B4ED06500C643E0 /* Direction.swift */ = {isa = PBXFileReference; fileEncoding = 4; lastKnownFileType = sourcecode.swift; path = Direction.swift; sourceTree = "<group>"; };
		D70DC4B62B4ED06600C643E0 /* AppImages.swift */ = {isa = PBXFileReference; fileEncoding = 4; lastKnownFileType = sourcecode.swift; path = AppImages.swift; sourceTree = "<group>"; };
		D70DC4B82B4ED06600C643E0 /* Colors.swift */ = {isa = PBXFileReference; fileEncoding = 4; lastKnownFileType = sourcecode.swift; path = Colors.swift; sourceTree = "<group>"; };
		D70DC4BB2B4ED06600C643E0 /* DefaultAlgorithmRepository.swift */ = {isa = PBXFileReference; fileEncoding = 4; lastKnownFileType = sourcecode.swift; path = DefaultAlgorithmRepository.swift; sourceTree = "<group>"; };
		D70DC4BC2B4ED06600C643E0 /* DefaultFolderRepository.swift */ = {isa = PBXFileReference; fileEncoding = 4; lastKnownFileType = sourcecode.swift; path = DefaultFolderRepository.swift; sourceTree = "<group>"; };
		D70DC4BD2B4ED06600C643E0 /* DefaultMachineStateRepository.swift */ = {isa = PBXFileReference; fileEncoding = 4; lastKnownFileType = sourcecode.swift; path = DefaultMachineStateRepository.swift; sourceTree = "<group>"; };
		D70DC4BE2B4ED06600C643E0 /* DefaultCombinationRepository.swift */ = {isa = PBXFileReference; fileEncoding = 4; lastKnownFileType = sourcecode.swift; path = DefaultCombinationRepository.swift; sourceTree = "<group>"; };
		D70DC4BF2B4ED06600C643E0 /* DefaultOptionRepository.swift */ = {isa = PBXFileReference; fileEncoding = 4; lastKnownFileType = sourcecode.swift; path = DefaultOptionRepository.swift; sourceTree = "<group>"; };
		D70DC4C12B4ED06600C643E0 /* FakeTapeRepository.swift */ = {isa = PBXFileReference; fileEncoding = 4; lastKnownFileType = sourcecode.swift; path = FakeTapeRepository.swift; sourceTree = "<group>"; };
		D70DC4C22B4ED06600C643E0 /* FakeOptionRepository.swift */ = {isa = PBXFileReference; fileEncoding = 4; lastKnownFileType = sourcecode.swift; path = FakeOptionRepository.swift; sourceTree = "<group>"; };
		D70DC4C32B4ED06600C643E0 /* FakeMachineStateRepository.swift */ = {isa = PBXFileReference; fileEncoding = 4; lastKnownFileType = sourcecode.swift; path = FakeMachineStateRepository.swift; sourceTree = "<group>"; };
		D70DC4C42B4ED06600C643E0 /* FakeAlgorithmRepository.swift */ = {isa = PBXFileReference; fileEncoding = 4; lastKnownFileType = sourcecode.swift; path = FakeAlgorithmRepository.swift; sourceTree = "<group>"; };
		D70DC4C52B4ED06600C643E0 /* FakeFolderRepository.swift */ = {isa = PBXFileReference; fileEncoding = 4; lastKnownFileType = sourcecode.swift; path = FakeFolderRepository.swift; sourceTree = "<group>"; };
		D70DC4C62B4ED06600C643E0 /* FakeCombinationRepository.swift */ = {isa = PBXFileReference; fileEncoding = 4; lastKnownFileType = sourcecode.swift; path = FakeCombinationRepository.swift; sourceTree = "<group>"; };
		D70DC4C72B4ED06600C643E0 /* DefaultTapeRepository.swift */ = {isa = PBXFileReference; fileEncoding = 4; lastKnownFileType = sourcecode.swift; path = DefaultTapeRepository.swift; sourceTree = "<group>"; };
		D70DC4C92B4ED06600C643E0 /* ImportError.swift */ = {isa = PBXFileReference; fileEncoding = 4; lastKnownFileType = sourcecode.swift; path = ImportError.swift; sourceTree = "<group>"; };
		D70DC4CA2B4ED06600C643E0 /* CDError.swift */ = {isa = PBXFileReference; fileEncoding = 4; lastKnownFileType = sourcecode.swift; path = CDError.swift; sourceTree = "<group>"; };
		D70DC4CD2B4ED06600C643E0 /* Resolver+ViewModels.swift */ = {isa = PBXFileReference; fileEncoding = 4; lastKnownFileType = sourcecode.swift; path = "Resolver+ViewModels.swift"; sourceTree = "<group>"; };
		D70DC4CE2B4ED06600C643E0 /* Resolver.swift */ = {isa = PBXFileReference; fileEncoding = 4; lastKnownFileType = sourcecode.swift; path = Resolver.swift; sourceTree = "<group>"; };
		D70DC4CF2B4ED06600C643E0 /* Resolver+Persistence.swift */ = {isa = PBXFileReference; fileEncoding = 4; lastKnownFileType = sourcecode.swift; path = "Resolver+Persistence.swift"; sourceTree = "<group>"; };
		D70DC4D02B4ED06600C643E0 /* Resolver+Repositories.swift */ = {isa = PBXFileReference; fileEncoding = 4; lastKnownFileType = sourcecode.swift; path = "Resolver+Repositories.swift"; sourceTree = "<group>"; };
		D70DC4D22B4ED06600C643E0 /* AppLogger.swift */ = {isa = PBXFileReference; fileEncoding = 4; lastKnownFileType = sourcecode.swift; path = AppLogger.swift; sourceTree = "<group>"; };
		D70DC4D42B4ED06600C643E0 /* Optional+Extension.swift */ = {isa = PBXFileReference; fileEncoding = 4; lastKnownFileType = sourcecode.swift; path = "Optional+Extension.swift"; sourceTree = "<group>"; };
		D70DC4D62B4ED06600C643E0 /* CDAlgorithm+Extension.swift */ = {isa = PBXFileReference; fileEncoding = 4; lastKnownFileType = sourcecode.swift; path = "CDAlgorithm+Extension.swift"; sourceTree = "<group>"; };
		D70DC4D72B4ED06600C643E0 /* CDFolder+Extension.swift */ = {isa = PBXFileReference; fileEncoding = 4; lastKnownFileType = sourcecode.swift; path = "CDFolder+Extension.swift"; sourceTree = "<group>"; };
		D70DC4D82B4ED06600C643E0 /* CDMachineState+Extension.swift */ = {isa = PBXFileReference; fileEncoding = 4; lastKnownFileType = sourcecode.swift; path = "CDMachineState+Extension.swift"; sourceTree = "<group>"; };
		D70DC4D92B4ED06600C643E0 /* CDOption+Extension.swift */ = {isa = PBXFileReference; fileEncoding = 4; lastKnownFileType = sourcecode.swift; path = "CDOption+Extension.swift"; sourceTree = "<group>"; };
		D70DC4DA2B4ED06600C643E0 /* String+Extension.swift */ = {isa = PBXFileReference; fileEncoding = 4; lastKnownFileType = sourcecode.swift; path = "String+Extension.swift"; sourceTree = "<group>"; };
		D70DC4DB2B4ED06600C643E0 /* Array+Extension.swift */ = {isa = PBXFileReference; fileEncoding = 4; lastKnownFileType = sourcecode.swift; path = "Array+Extension.swift"; sourceTree = "<group>"; };
		D70DC4DD2B4ED06600C643E0 /* PersistenceController.swift */ = {isa = PBXFileReference; fileEncoding = 4; lastKnownFileType = sourcecode.swift; path = PersistenceController.swift; sourceTree = "<group>"; };
		D70DC4DF2B4ED06600C643E0 /* TestTuringMachine.xcdatamodel */ = {isa = PBXFileReference; lastKnownFileType = wrapper.xcdatamodel; path = TestTuringMachine.xcdatamodel; sourceTree = "<group>"; };
		D70DC4E02B4ED06600C643E0 /* AppEnvironment.swift */ = {isa = PBXFileReference; fileEncoding = 4; lastKnownFileType = sourcecode.swift; path = AppEnvironment.swift; sourceTree = "<group>"; };
		D769C8642B594542007E8375 /* AlgorithmInfoScreen.swift */ = {isa = PBXFileReference; lastKnownFileType = sourcecode.swift; path = AlgorithmInfoScreen.swift; sourceTree = "<group>"; };
		D769C8662B5947A4007E8375 /* AlgorithmInfoViewModel.swift */ = {isa = PBXFileReference; lastKnownFileType = sourcecode.swift; path = AlgorithmInfoViewModel.swift; sourceTree = "<group>"; };
		D7B0349028BCF37400F3B135 /* Info.plist */ = {isa = PBXFileReference; lastKnownFileType = text.plist; path = Info.plist; sourceTree = "<group>"; };
		D7B0349128BCF41500F3B135 /* DocumentManager.swift */ = {isa = PBXFileReference; lastKnownFileType = sourcecode.swift; path = DocumentManager.swift; sourceTree = "<group>"; };
		D7E8A85C28B56F2200F40736 /* TuringMachineSimulator.app */ = {isa = PBXFileReference; explicitFileType = wrapper.application; includeInIndex = 0; path = TuringMachineSimulator.app; sourceTree = BUILT_PRODUCTS_DIR; };
		D7E8A85F28B56F2200F40736 /* TuringMachineSimulatorApp.swift */ = {isa = PBXFileReference; lastKnownFileType = sourcecode.swift; path = TuringMachineSimulatorApp.swift; sourceTree = "<group>"; };
		D7E8A86328B56F2C00F40736 /* Assets.xcassets */ = {isa = PBXFileReference; lastKnownFileType = folder.assetcatalog; path = Assets.xcassets; sourceTree = "<group>"; };
		D7E8A86628B56F2C00F40736 /* Preview Assets.xcassets */ = {isa = PBXFileReference; lastKnownFileType = folder.assetcatalog; path = "Preview Assets.xcassets"; sourceTree = "<group>"; };
/* End PBXFileReference section */

/* Begin PBXFrameworksBuildPhase section */
		D7E8A85928B56F2100F40736 /* Frameworks */ = {
			isa = PBXFrameworksBuildPhase;
			buildActionMask = 2147483647;
			files = (
				D70DC53E2B4ED49A00C643E0 /* Swinject in Frameworks */,
			);
			runOnlyForDeploymentPostprocessing = 0;
		};
/* End PBXFrameworksBuildPhase section */

/* Begin PBXGroup section */
		D70DC4582B4ED06500C643E0 /* Presentation */ = {
			isa = PBXGroup;
			children = (
				D70DC4592B4ED06500C643E0 /* Core */,
				D7F8964F2B569D7300835D8C /* Shared */,
				D70DC4612B4ED06500C643E0 /* Features */,
			);
			path = Presentation;
			sourceTree = "<group>";
		};
		D70DC4592B4ED06500C643E0 /* Core */ = {
			isa = PBXGroup;
			children = (
				D70DC45A2B4ED06500C643E0 /* Modifiers */,
				D70DC45D2B4ED06500C643E0 /* Extension */,
				D70DC45F2B4ED06500C643E0 /* ReusableViews */,
			);
			path = Core;
			sourceTree = "<group>";
		};
		D70DC45A2B4ED06500C643E0 /* Modifiers */ = {
			isa = PBXGroup;
			children = (
				D70DC45B2B4ED06500C643E0 /* SelectableViewModifier.swift */,
				D70DC45C2B4ED06500C643E0 /* CirclyModifier.swift */,
			);
			path = Modifiers;
			sourceTree = "<group>";
		};
		D70DC45D2B4ED06500C643E0 /* Extension */ = {
			isa = PBXGroup;
			children = (
				D70DC45E2B4ED06500C643E0 /* View+Extension.swift */,
			);
			path = Extension;
			sourceTree = "<group>";
		};
		D70DC45F2B4ED06500C643E0 /* ReusableViews */ = {
			isa = PBXGroup;
			children = (
				D70DC4602B4ED06500C643E0 /* TextFieldAlert.swift */,
			);
			path = ReusableViews;
			sourceTree = "<group>";
		};
		D70DC4612B4ED06500C643E0 /* Features */ = {
			isa = PBXGroup;
			children = (
				D70DC48B2B4ED06500C643E0 /* Root */,
				D70DC4842B4ED06500C643E0 /* Folder */,
				D70DC49B2B4ED06500C643E0 /* Algorithm */,
				D70DC4902B4ED06500C643E0 /* Tape */,
				D70DC4742B4ED06500C643E0 /* MachineState */,
				D70DC47A2B4ED06500C643E0 /* Option */,
				D70DC46E2B4ED06500C643E0 /* Combination */,
			);
			path = Features;
			sourceTree = "<group>";
		};
		D70DC46E2B4ED06500C643E0 /* Combination */ = {
			isa = PBXGroup;
			children = (
				D70DC46F2B4ED06500C643E0 /* ViewModels */,
				D70DC4712B4ED06500C643E0 /* Views */,
			);
			path = Combination;
			sourceTree = "<group>";
		};
		D70DC46F2B4ED06500C643E0 /* ViewModels */ = {
			isa = PBXGroup;
			children = (
				D70DC4702B4ED06500C643E0 /* CombinationListViewModel.swift */,
			);
			path = ViewModels;
			sourceTree = "<group>";
		};
		D70DC4712B4ED06500C643E0 /* Views */ = {
			isa = PBXGroup;
			children = (
				D70DC4722B4ED06500C643E0 /* CombinationConfigListView.swift */,
				D70DC4732B4ED06500C643E0 /* CombinationView.swift */,
			);
			path = Views;
			sourceTree = "<group>";
		};
		D70DC4742B4ED06500C643E0 /* MachineState */ = {
			isa = PBXGroup;
			children = (
				D70DC4752B4ED06500C643E0 /* ViewModels */,
				D7F896532B569E1500835D8C /* Screens */,
				D70DC4772B4ED06500C643E0 /* Views */,
			);
			path = MachineState;
			sourceTree = "<group>";
		};
		D70DC4752B4ED06500C643E0 /* ViewModels */ = {
			isa = PBXGroup;
			children = (
				D70DC4762B4ED06500C643E0 /* MachineStateListViewModel.swift */,
			);
			path = ViewModels;
			sourceTree = "<group>";
		};
		D70DC4772B4ED06500C643E0 /* Views */ = {
			isa = PBXGroup;
			children = (
				D70DC4782B4ED06500C643E0 /* MachineStateSelectableListView.swift */,
			);
			path = Views;
			sourceTree = "<group>";
		};
		D70DC47A2B4ED06500C643E0 /* Option */ = {
			isa = PBXGroup;
			children = (
				D70DC47C2B4ED06500C643E0 /* ViewModels */,
				D7F896552B56A28700835D8C /* Screens */,
			);
			path = Option;
			sourceTree = "<group>";
		};
		D70DC47C2B4ED06500C643E0 /* ViewModels */ = {
			isa = PBXGroup;
			children = (
				D70DC47D2B4ED06500C643E0 /* OptionListViewModel.swift */,
				D70DC47E2B4ED06500C643E0 /* OptionDestinationMachineStateViewModel.swift */,
				D70DC47F2B4ED06500C643E0 /* OptionViewModel.swift */,
			);
			path = ViewModels;
			sourceTree = "<group>";
		};
		D70DC4842B4ED06500C643E0 /* Folder */ = {
			isa = PBXGroup;
			children = (
				D70DC4852B4ED06500C643E0 /* ViewModels */,
				D7F896502B569DC200835D8C /* Screens */,
				D70DC4872B4ED06500C643E0 /* Views */,
			);
			path = Folder;
			sourceTree = "<group>";
		};
		D70DC4852B4ED06500C643E0 /* ViewModels */ = {
			isa = PBXGroup;
			children = (
				D70DC4862B4ED06500C643E0 /* FolderListScreenViewModel.swift */,
			);
			path = ViewModels;
			sourceTree = "<group>";
		};
		D70DC4872B4ED06500C643E0 /* Views */ = {
			isa = PBXGroup;
			children = (
				D70DC4892B4ED06500C643E0 /* FolderCellView.swift */,
			);
			path = Views;
			sourceTree = "<group>";
		};
		D70DC48B2B4ED06500C643E0 /* Root */ = {
			isa = PBXGroup;
			children = (
				D70DC48D2B4ED06500C643E0 /* Models */,
				D70DC48F2B4ED06500C643E0 /* Coordinator.swift */,
				D70DC48C2B4ED06500C643E0 /* RootView.swift */,
			);
			path = Root;
			sourceTree = "<group>";
		};
		D70DC48D2B4ED06500C643E0 /* Models */ = {
			isa = PBXGroup;
			children = (
				D70DC48E2B4ED06500C643E0 /* Page.swift */,
			);
			path = Models;
			sourceTree = "<group>";
		};
		D70DC4902B4ED06500C643E0 /* Tape */ = {
			isa = PBXGroup;
			children = (
				D70DC4912B4ED06500C643E0 /* ViewModels */,
				D7F896542B569E5500835D8C /* Screens */,
				D70DC4942B4ED06500C643E0 /* Views */,
			);
			path = Tape;
			sourceTree = "<group>";
		};
		D70DC4912B4ED06500C643E0 /* ViewModels */ = {
			isa = PBXGroup;
			children = (
				D70DC4922B4ED06500C643E0 /* TapeListViewModel.swift */,
				D70DC4932B4ED06500C643E0 /* TapeConfigListViewModel.swift */,
			);
			path = ViewModels;
			sourceTree = "<group>";
		};
		D70DC4942B4ED06500C643E0 /* Views */ = {
			isa = PBXGroup;
			children = (
				D70DC4952B4ED06500C643E0 /* TapeListView.swift */,
				D70DC4962B4ED06500C643E0 /* TapeConfigView.swift */,
				D70DC4972B4ED06500C643E0 /* TapeComponentsLineView.swift */,
				D70DC4982B4ED06500C643E0 /* TapeView.swift */,
				D70DC4992B4ED06500C643E0 /* TapeComponentView.swift */,
			);
			path = Views;
			sourceTree = "<group>";
		};
		D70DC49B2B4ED06500C643E0 /* Algorithm */ = {
			isa = PBXGroup;
			children = (
				D7F896522B569DE800835D8C /* Models */,
				D70DC49C2B4ED06500C643E0 /* ViewModels */,
				D7F896512B569DD900835D8C /* Screens */,
				D70DC49F2B4ED06500C643E0 /* Views */,
			);
			path = Algorithm;
			sourceTree = "<group>";
		};
		D70DC49C2B4ED06500C643E0 /* ViewModels */ = {
			isa = PBXGroup;
			children = (
				D70DC4642B4ED06500C643E0 /* AlgorithmListScreenViewModel.swift */,
				D70DC4652B4ED06500C643E0 /* ActiveStateListViewModel.swift */,
				D70DC49D2B4ED06500C643E0 /* AlgorithmViewModel.swift */,
				D769C8662B5947A4007E8375 /* AlgorithmInfoViewModel.swift */,
			);
			path = ViewModels;
			sourceTree = "<group>";
		};
		D70DC49F2B4ED06500C643E0 /* Views */ = {
			isa = PBXGroup;
			children = (
				D70DC4672B4ED06500C643E0 /* AlgorithmCellView.swift */,
				D70DC4682B4ED06500C643E0 /* EmptyFolderMessageView.swift */,
				D70DC46B2B4ED06500C643E0 /* NewAlgorithmButton.swift */,
				D70DC4A12B4ED06500C643E0 /* PlayStackView.swift */,
				D70DC4A22B4ED06500C643E0 /* ConfigurationsView.swift */,
			);
			path = Views;
			sourceTree = "<group>";
		};
		D70DC4A52B4ED06500C643E0 /* Data */ = {
			isa = PBXGroup;
			children = (
				D70DC4BA2B4ED06600C643E0 /* Repositories */,
				D70DC4C82B4ED06600C643E0 /* Errors */,
			);
			path = Data;
			sourceTree = "<group>";
		};
		D70DC4A62B4ED06500C643E0 /* Repositories */ = {
			isa = PBXGroup;
			children = (
				D70DC4AA2B4ED06500C643E0 /* FolderRepository.swift */,
				D70DC4AB2B4ED06500C643E0 /* AlgorithmRepository.swift */,
				D70DC4A92B4ED06500C643E0 /* TapeRepository.swift */,
				D70DC4AC2B4ED06500C643E0 /* MachineStateRepository.swift */,
				D70DC4A82B4ED06500C643E0 /* OptionRepository.swift */,
				D70DC4A72B4ED06500C643E0 /* CombinationRepository.swift */,
			);
			name = Repositories;
			path = ../Data/Repositories;
			sourceTree = "<group>";
		};
		D70DC4AD2B4ED06500C643E0 /* Models */ = {
			isa = PBXGroup;
			children = (
				D70DC4AF2B4ED06500C643E0 /* Folder.swift */,
				D70DC4B02B4ED06500C643E0 /* Algorithm.swift */,
				D70DC4B22B4ED06500C643E0 /* Tape.swift */,
				D70DC4B12B4ED06500C643E0 /* MachineState.swift */,
				D70DC4AE2B4ED06500C643E0 /* Option.swift */,
				D70DC4B32B4ED06500C643E0 /* Combination.swift */,
				D70DC4B42B4ED06500C643E0 /* Direction.swift */,
			);
			path = Models;
			sourceTree = "<group>";
		};
		D70DC4B52B4ED06600C643E0 /* Resources */ = {
			isa = PBXGroup;
			children = (
				D70DC4B62B4ED06600C643E0 /* AppImages.swift */,
				D7E8A86328B56F2C00F40736 /* Assets.xcassets */,
				D70DC4B82B4ED06600C643E0 /* Colors.swift */,
			);
			path = Resources;
			sourceTree = "<group>";
		};
		D70DC4B92B4ED06600C643E0 /* Domain */ = {
			isa = PBXGroup;
			children = (
				D70DC4A62B4ED06500C643E0 /* Repositories */,
				D70DC4AD2B4ED06500C643E0 /* Models */,
			);
			path = Domain;
			sourceTree = "<group>";
		};
		D70DC4BA2B4ED06600C643E0 /* Repositories */ = {
			isa = PBXGroup;
			children = (
				D70DC4BC2B4ED06600C643E0 /* DefaultFolderRepository.swift */,
				D70DC4BB2B4ED06600C643E0 /* DefaultAlgorithmRepository.swift */,
				D70DC4C72B4ED06600C643E0 /* DefaultTapeRepository.swift */,
				D70DC4BD2B4ED06600C643E0 /* DefaultMachineStateRepository.swift */,
				D70DC4BF2B4ED06600C643E0 /* DefaultOptionRepository.swift */,
				D70DC4BE2B4ED06600C643E0 /* DefaultCombinationRepository.swift */,
				D70DC4C02B4ED06600C643E0 /* Fake */,
			);
			name = Repositories;
			path = ../Domain/Repositories;
			sourceTree = "<group>";
		};
		D70DC4C02B4ED06600C643E0 /* Fake */ = {
			isa = PBXGroup;
			children = (
				D70DC4C52B4ED06600C643E0 /* FakeFolderRepository.swift */,
				D70DC4C42B4ED06600C643E0 /* FakeAlgorithmRepository.swift */,
				D70DC4C12B4ED06600C643E0 /* FakeTapeRepository.swift */,
				D70DC4C32B4ED06600C643E0 /* FakeMachineStateRepository.swift */,
				D70DC4C22B4ED06600C643E0 /* FakeOptionRepository.swift */,
				D70DC4C62B4ED06600C643E0 /* FakeCombinationRepository.swift */,
			);
			path = Fake;
			sourceTree = "<group>";
		};
		D70DC4C82B4ED06600C643E0 /* Errors */ = {
			isa = PBXGroup;
			children = (
				D70DC4C92B4ED06600C643E0 /* ImportError.swift */,
				D70DC4CA2B4ED06600C643E0 /* CDError.swift */,
			);
			path = Errors;
			sourceTree = "<group>";
		};
		D70DC4CB2B4ED06600C643E0 /* Core */ = {
			isa = PBXGroup;
			children = (
				D70DC4E02B4ED06600C643E0 /* AppEnvironment.swift */,
				D70DC4CC2B4ED06600C643E0 /* DI */,
				D70DC4D12B4ED06600C643E0 /* Logger */,
				D70DC4D32B4ED06600C643E0 /* Extensions */,
				D70DC4DC2B4ED06600C643E0 /* Persistence */,
			);
			path = Core;
			sourceTree = "<group>";
		};
		D70DC4CC2B4ED06600C643E0 /* DI */ = {
			isa = PBXGroup;
			children = (
				D70DC4CE2B4ED06600C643E0 /* Resolver.swift */,
				D70DC4CF2B4ED06600C643E0 /* Resolver+Persistence.swift */,
				D70DC4D02B4ED06600C643E0 /* Resolver+Repositories.swift */,
				D70DC4CD2B4ED06600C643E0 /* Resolver+ViewModels.swift */,
			);
			path = DI;
			sourceTree = "<group>";
		};
		D70DC4D12B4ED06600C643E0 /* Logger */ = {
			isa = PBXGroup;
			children = (
				D70DC4D22B4ED06600C643E0 /* AppLogger.swift */,
			);
			path = Logger;
			sourceTree = "<group>";
		};
		D70DC4D32B4ED06600C643E0 /* Extensions */ = {
			isa = PBXGroup;
			children = (
				D70DC4D52B4ED06600C643E0 /* CoreData */,
				D70DC4D42B4ED06600C643E0 /* Optional+Extension.swift */,
				D70DC4DA2B4ED06600C643E0 /* String+Extension.swift */,
				D70DC4DB2B4ED06600C643E0 /* Array+Extension.swift */,
			);
			path = Extensions;
			sourceTree = "<group>";
		};
		D70DC4D52B4ED06600C643E0 /* CoreData */ = {
			isa = PBXGroup;
			children = (
				D70DC4D62B4ED06600C643E0 /* CDAlgorithm+Extension.swift */,
				D70DC4D72B4ED06600C643E0 /* CDFolder+Extension.swift */,
				D70DC4D82B4ED06600C643E0 /* CDMachineState+Extension.swift */,
				D70DC4D92B4ED06600C643E0 /* CDOption+Extension.swift */,
			);
			path = CoreData;
			sourceTree = "<group>";
		};
		D70DC4DC2B4ED06600C643E0 /* Persistence */ = {
			isa = PBXGroup;
			children = (
				D70DC4DD2B4ED06600C643E0 /* PersistenceController.swift */,
				D70DC4DE2B4ED06600C643E0 /* TuringMachineCoreData.xcdatamodeld */,
			);
			path = Persistence;
			sourceTree = "<group>";
		};
		D7E8A85328B56F2100F40736 = {
			isa = PBXGroup;
			children = (
				D7E8A85E28B56F2200F40736 /* TuringMachineSimulator */,
				D7E8A85D28B56F2200F40736 /* Products */,
			);
			sourceTree = "<group>";
		};
		D7E8A85D28B56F2200F40736 /* Products */ = {
			isa = PBXGroup;
			children = (
				D7E8A85C28B56F2200F40736 /* TuringMachineSimulator.app */,
			);
			name = Products;
			sourceTree = "<group>";
		};
		D7E8A85E28B56F2200F40736 /* TuringMachineSimulator */ = {
			isa = PBXGroup;
			children = (
				D7B0349028BCF37400F3B135 /* Info.plist */,
				D7E8A85F28B56F2200F40736 /* TuringMachineSimulatorApp.swift */,
				D70DC4CB2B4ED06600C643E0 /* Core */,
				D70DC4A52B4ED06500C643E0 /* Data */,
				D70DC4B92B4ED06600C643E0 /* Domain */,
				D70DC4582B4ED06500C643E0 /* Presentation */,
				D70DC4B52B4ED06600C643E0 /* Resources */,
				D7E8A86528B56F2C00F40736 /* Preview Content */,
			);
			path = TuringMachineSimulator;
			sourceTree = "<group>";
		};
		D7E8A86528B56F2C00F40736 /* Preview Content */ = {
			isa = PBXGroup;
			children = (
				D7E8A86628B56F2C00F40736 /* Preview Assets.xcassets */,
			);
			path = "Preview Content";
			sourceTree = "<group>";
		};
		D7F8964F2B569D7300835D8C /* Shared */ = {
			isa = PBXGroup;
			children = (
				D70DC49E2B4ED06500C643E0 /* AlgorithmSharedStore.swift */,
				D70DC47B2B4ED06500C643E0 /* OptionSharedStore.swift */,
			);
			path = Shared;
			sourceTree = "<group>";
		};
		D7F896502B569DC200835D8C /* Screens */ = {
			isa = PBXGroup;
			children = (
				D70DC48A2B4ED06500C643E0 /* FolderListScreen.swift */,
			);
			path = Screens;
			sourceTree = "<group>";
		};
		D7F896512B569DD900835D8C /* Screens */ = {
			isa = PBXGroup;
			children = (
				D70DC4692B4ED06500C643E0 /* AlgorithmListScreen.swift */,
				D70DC4A02B4ED06500C643E0 /* AlgorithmScreen.swift */,
				D769C8642B594542007E8375 /* AlgorithmInfoScreen.swift */,
				D70DC46A2B4ED06500C643E0 /* ActiveStateListScreen.swift */,
			);
			path = Screens;
			sourceTree = "<group>";
		};
		D7F896522B569DE800835D8C /* Models */ = {
			isa = PBXGroup;
			children = (
				D7B0349128BCF41500F3B135 /* DocumentManager.swift */,
				D70DC46D2B4ED06500C643E0 /* AlgorithmImporter.swift */,
			);
			path = Models;
			sourceTree = "<group>";
		};
		D7F896532B569E1500835D8C /* Screens */ = {
			isa = PBXGroup;
			children = (
				D70DC4792B4ED06500C643E0 /* MachineStateListScreen.swift */,
			);
			path = Screens;
			sourceTree = "<group>";
		};
		D7F896542B569E5500835D8C /* Screens */ = {
			isa = PBXGroup;
			children = (
				D70DC49A2B4ED06500C643E0 /* TapeConfigListScreen.swift */,
			);
			path = Screens;
			sourceTree = "<group>";
		};
		D7F896552B56A28700835D8C /* Screens */ = {
			isa = PBXGroup;
			children = (
				D70DC4812B4ED06500C643E0 /* OptionListScreen.swift */,
				D70DC4822B4ED06500C643E0 /* OptionScreen.swift */,
				D70DC4832B4ED06500C643E0 /* OptionDestinationMachineStateScreen.swift */,
			);
			path = Screens;
			sourceTree = "<group>";
		};
/* End PBXGroup section */

/* Begin PBXNativeTarget section */
		D7E8A85B28B56F2100F40736 /* TuringMachineSimulator */ = {
			isa = PBXNativeTarget;
			buildConfigurationList = D7E8A86F28B56F2C00F40736 /* Build configuration list for PBXNativeTarget "TuringMachineSimulator" */;
			buildPhases = (
				D7E8A85A28B56F2100F40736 /* Resources */,
				D7E8A85828B56F2100F40736 /* Sources */,
				D7E8A85928B56F2100F40736 /* Frameworks */,
				D7C9B4292B08F86D008D854F /* SwiftLint */,
			);
			buildRules = (
			);
			dependencies = (
			);
			name = TuringMachineSimulator;
			packageProductDependencies = (
				D70DC53D2B4ED49A00C643E0 /* Swinject */,
			);
			productName = TuringMachineSimulator;
			productReference = D7E8A85C28B56F2200F40736 /* TuringMachineSimulator.app */;
			productType = "com.apple.product-type.application";
		};
/* End PBXNativeTarget section */

/* Begin PBXProject section */
		D7E8A85428B56F2100F40736 /* Project object */ = {
			isa = PBXProject;
			attributes = {
				BuildIndependentTargetsInParallel = 1;
				LastSwiftUpdateCheck = 1340;
				LastUpgradeCheck = 1500;
				TargetAttributes = {
					D7E8A85B28B56F2100F40736 = {
						CreatedOnToolsVersion = 13.4.1;
					};
				};
			};
			buildConfigurationList = D7E8A85728B56F2100F40736 /* Build configuration list for PBXProject "TuringMachineSimulator" */;
			compatibilityVersion = "Xcode 13.0";
			developmentRegion = en;
			hasScannedForEncodings = 0;
			knownRegions = (
				en,
				Base,
			);
			mainGroup = D7E8A85328B56F2100F40736;
			packageReferences = (
				D70DC53C2B4ED49A00C643E0 /* XCRemoteSwiftPackageReference "Swinject" */,
			);
			productRefGroup = D7E8A85D28B56F2200F40736 /* Products */;
			projectDirPath = "";
			projectRoot = "";
			targets = (
				D7E8A85B28B56F2100F40736 /* TuringMachineSimulator */,
			);
		};
/* End PBXProject section */

/* Begin PBXResourcesBuildPhase section */
		D7E8A85A28B56F2100F40736 /* Resources */ = {
			isa = PBXResourcesBuildPhase;
			buildActionMask = 2147483647;
			files = (
				D7E8A86728B56F2C00F40736 /* Preview Assets.xcassets in Resources */,
				D7E8A86428B56F2C00F40736 /* Assets.xcassets in Resources */,
			);
			runOnlyForDeploymentPostprocessing = 0;
		};
/* End PBXResourcesBuildPhase section */

/* Begin PBXShellScriptBuildPhase section */
		D7C9B4292B08F86D008D854F /* SwiftLint */ = {
			isa = PBXShellScriptBuildPhase;
			alwaysOutOfDate = 1;
			buildActionMask = 2147483647;
			files = (
			);
			inputFileListPaths = (
			);
			inputPaths = (
			);
			name = SwiftLint;
			outputFileListPaths = (
			);
			outputPaths = (
			);
			runOnlyForDeploymentPostprocessing = 0;
			shellPath = /bin/sh;
			shellScript = "if [[ \"$(uname -m)\" == arm64 ]]; then\n    export PATH=\"/opt/homebrew/bin:$PATH\"\nfi\n\nif which swiftlint > /dev/null; then\n  swiftlint --config ../.swiftlint.yml --fix && swiftlint --config ../.swiftlint.yml \nelse\n  echo \"warning: SwiftLint not installed, download from https://github.com/realm/SwiftLint\"\nfi\n";
		};
/* End PBXShellScriptBuildPhase section */

/* Begin PBXSourcesBuildPhase section */
		D7E8A85828B56F2100F40736 /* Sources */ = {
			isa = PBXSourcesBuildPhase;
			buildActionMask = 2147483647;
			files = (
				D70DC5182B4ED06600C643E0 /* MachineState.swift in Sources */,
				D70DC5022B4ED06600C643E0 /* TapeConfigListViewModel.swift in Sources */,
				D70DC50F2B4ED06600C643E0 /* CombinationRepository.swift in Sources */,
				D70DC52E2B4ED06600C643E0 /* Resolver.swift in Sources */,
				D70DC5352B4ED06600C643E0 /* CDMachineState+Extension.swift in Sources */,
				D70DC5002B4ED06600C643E0 /* Coordinator.swift in Sources */,
				D70DC4F22B4ED06600C643E0 /* MachineStateListScreen.swift in Sources */,
				D70DC5062B4ED06600C643E0 /* TapeView.swift in Sources */,
				D70DC5272B4ED06600C643E0 /* FakeAlgorithmRepository.swift in Sources */,
				D70DC5052B4ED06600C643E0 /* TapeComponentsLineView.swift in Sources */,
				D70DC4F02B4ED06600C643E0 /* MachineStateListViewModel.swift in Sources */,
				D769C8652B594542007E8375 /* AlgorithmInfoScreen.swift in Sources */,
				D70DC4E22B4ED06600C643E0 /* CirclyModifier.swift in Sources */,
				D70DC4F72B4ED06600C643E0 /* OptionListScreen.swift in Sources */,
				D70DC50B2B4ED06600C643E0 /* AlgorithmScreen.swift in Sources */,
				D70DC4E72B4ED06600C643E0 /* AlgorithmCellView.swift in Sources */,
				D70DC5292B4ED06600C643E0 /* FakeCombinationRepository.swift in Sources */,
				D70DC50A2B4ED06600C643E0 /* AlgorithmSharedStore.swift in Sources */,
				D70DC4FA2B4ED06600C643E0 /* FolderListScreenViewModel.swift in Sources */,
				D70DC5282B4ED06600C643E0 /* FakeFolderRepository.swift in Sources */,
				D70DC5012B4ED06600C643E0 /* TapeListViewModel.swift in Sources */,
				D70DC4F92B4ED06600C643E0 /* OptionDestinationMachineStateScreen.swift in Sources */,
				D70DC5202B4ED06600C643E0 /* DefaultFolderRepository.swift in Sources */,
				D70DC5312B4ED06600C643E0 /* AppLogger.swift in Sources */,
				D70DC4F62B4ED06600C643E0 /* OptionViewModel.swift in Sources */,
				D70DC4F82B4ED06600C643E0 /* OptionScreen.swift in Sources */,
				D70DC53A2B4ED06600C643E0 /* TuringMachineCoreData.xcdatamodeld in Sources */,
				D70DC4FE2B4ED06600C643E0 /* RootView.swift in Sources */,
				D70DC5332B4ED06600C643E0 /* CDAlgorithm+Extension.swift in Sources */,
				D70DC52B2B4ED06600C643E0 /* ImportError.swift in Sources */,
				D70DC4EB2B4ED06600C643E0 /* NewAlgorithmButton.swift in Sources */,
				D70DC4FF2B4ED06600C643E0 /* Page.swift in Sources */,
				D70DC4E52B4ED06600C643E0 /* AlgorithmListScreenViewModel.swift in Sources */,
				D70DC4FD2B4ED06600C643E0 /* FolderListScreen.swift in Sources */,
				D70DC52D2B4ED06600C643E0 /* Resolver+ViewModels.swift in Sources */,
				D70DC4EC2B4ED06600C643E0 /* AlgorithmImporter.swift in Sources */,
				D70DC5242B4ED06600C643E0 /* FakeTapeRepository.swift in Sources */,
				D70DC4F52B4ED06600C643E0 /* OptionDestinationMachineStateViewModel.swift in Sources */,
				D70DC5102B4ED06600C643E0 /* OptionRepository.swift in Sources */,
				D70DC51A2B4ED06600C643E0 /* Combination.swift in Sources */,
				D70DC5382B4ED06600C643E0 /* Array+Extension.swift in Sources */,
				D70DC4E92B4ED06600C643E0 /* AlgorithmListScreen.swift in Sources */,
				D70DC5092B4ED06600C643E0 /* AlgorithmViewModel.swift in Sources */,
				D70DC4FC2B4ED06600C643E0 /* FolderCellView.swift in Sources */,
				D70DC5322B4ED06600C643E0 /* Optional+Extension.swift in Sources */,
				D70DC5132B4ED06600C643E0 /* AlgorithmRepository.swift in Sources */,
				D70DC5212B4ED06600C643E0 /* DefaultMachineStateRepository.swift in Sources */,
				D70DC4E42B4ED06600C643E0 /* TextFieldAlert.swift in Sources */,
				D70DC5162B4ED06600C643E0 /* Folder.swift in Sources */,
				D70DC4EA2B4ED06600C643E0 /* ActiveStateListScreen.swift in Sources */,
				D70DC5172B4ED06600C643E0 /* Algorithm.swift in Sources */,
				D7B0349228BCF41500F3B135 /* DocumentManager.swift in Sources */,
				D70DC4F32B4ED06600C643E0 /* OptionSharedStore.swift in Sources */,
				D70DC5252B4ED06600C643E0 /* FakeOptionRepository.swift in Sources */,
				D70DC4ED2B4ED06600C643E0 /* CombinationListViewModel.swift in Sources */,
				D70DC53B2B4ED06600C643E0 /* AppEnvironment.swift in Sources */,
				D70DC4F12B4ED06600C643E0 /* MachineStateSelectableListView.swift in Sources */,
				D70DC5072B4ED06600C643E0 /* TapeComponentView.swift in Sources */,
				D70DC52F2B4ED06600C643E0 /* Resolver+Persistence.swift in Sources */,
				D70DC5342B4ED06600C643E0 /* CDFolder+Extension.swift in Sources */,
				D70DC52A2B4ED06600C643E0 /* DefaultTapeRepository.swift in Sources */,
				D70DC50C2B4ED06600C643E0 /* PlayStackView.swift in Sources */,
				D70DC51C2B4ED06600C643E0 /* AppImages.swift in Sources */,
				D70DC4EF2B4ED06600C643E0 /* CombinationView.swift in Sources */,
				D70DC5302B4ED06600C643E0 /* Resolver+Repositories.swift in Sources */,
				D70DC5392B4ED06600C643E0 /* PersistenceController.swift in Sources */,
				D70DC51B2B4ED06600C643E0 /* Direction.swift in Sources */,
				D70DC5152B4ED06600C643E0 /* Option.swift in Sources */,
				D70DC5032B4ED06600C643E0 /* TapeListView.swift in Sources */,
				D70DC5112B4ED06600C643E0 /* TapeRepository.swift in Sources */,
				D70DC52C2B4ED06600C643E0 /* CDError.swift in Sources */,
				D70DC5122B4ED06600C643E0 /* FolderRepository.swift in Sources */,
				D70DC4E82B4ED06600C643E0 /* EmptyFolderMessageView.swift in Sources */,
				D70DC5222B4ED06600C643E0 /* DefaultCombinationRepository.swift in Sources */,
				D70DC51E2B4ED06600C643E0 /* Colors.swift in Sources */,
				D70DC4E12B4ED06600C643E0 /* SelectableViewModifier.swift in Sources */,
				D70DC5262B4ED06600C643E0 /* FakeMachineStateRepository.swift in Sources */,
				D70DC5372B4ED06600C643E0 /* String+Extension.swift in Sources */,
				D70DC5042B4ED06600C643E0 /* TapeConfigView.swift in Sources */,
				D70DC5232B4ED06600C643E0 /* DefaultOptionRepository.swift in Sources */,
				D70DC5142B4ED06600C643E0 /* MachineStateRepository.swift in Sources */,
				D70DC4E32B4ED06600C643E0 /* View+Extension.swift in Sources */,
				D7E8A86028B56F2200F40736 /* TuringMachineSimulatorApp.swift in Sources */,
				D70DC5192B4ED06600C643E0 /* Tape.swift in Sources */,
				D70DC4E62B4ED06600C643E0 /* ActiveStateListViewModel.swift in Sources */,
				D769C8672B5947A4007E8375 /* AlgorithmInfoViewModel.swift in Sources */,
				D70DC5082B4ED06600C643E0 /* TapeConfigListScreen.swift in Sources */,
				D70DC51F2B4ED06600C643E0 /* DefaultAlgorithmRepository.swift in Sources */,
				D70DC4EE2B4ED06600C643E0 /* CombinationConfigListView.swift in Sources */,
				D70DC5362B4ED06600C643E0 /* CDOption+Extension.swift in Sources */,
				D70DC50D2B4ED06600C643E0 /* ConfigurationsView.swift in Sources */,
				D70DC4F42B4ED06600C643E0 /* OptionListViewModel.swift in Sources */,
			);
			runOnlyForDeploymentPostprocessing = 0;
		};
/* End PBXSourcesBuildPhase section */

/* Begin XCBuildConfiguration section */
		D7E8A86D28B56F2C00F40736 /* Debug */ = {
			isa = XCBuildConfiguration;
			buildSettings = {
				ALWAYS_SEARCH_USER_PATHS = NO;
				CLANG_ANALYZER_NONNULL = YES;
				CLANG_ANALYZER_NUMBER_OBJECT_CONVERSION = YES_AGGRESSIVE;
				CLANG_CXX_LANGUAGE_STANDARD = "gnu++17";
				CLANG_ENABLE_MODULES = YES;
				CLANG_ENABLE_OBJC_ARC = YES;
				CLANG_ENABLE_OBJC_WEAK = YES;
				CLANG_WARN_BLOCK_CAPTURE_AUTORELEASING = YES;
				CLANG_WARN_BOOL_CONVERSION = YES;
				CLANG_WARN_COMMA = YES;
				CLANG_WARN_CONSTANT_CONVERSION = YES;
				CLANG_WARN_DEPRECATED_OBJC_IMPLEMENTATIONS = YES;
				CLANG_WARN_DIRECT_OBJC_ISA_USAGE = YES_ERROR;
				CLANG_WARN_DOCUMENTATION_COMMENTS = YES;
				CLANG_WARN_EMPTY_BODY = YES;
				CLANG_WARN_ENUM_CONVERSION = YES;
				CLANG_WARN_INFINITE_RECURSION = YES;
				CLANG_WARN_INT_CONVERSION = YES;
				CLANG_WARN_NON_LITERAL_NULL_CONVERSION = YES;
				CLANG_WARN_OBJC_IMPLICIT_RETAIN_SELF = YES;
				CLANG_WARN_OBJC_LITERAL_CONVERSION = YES;
				CLANG_WARN_OBJC_ROOT_CLASS = YES_ERROR;
				CLANG_WARN_QUOTED_INCLUDE_IN_FRAMEWORK_HEADER = YES;
				CLANG_WARN_RANGE_LOOP_ANALYSIS = YES;
				CLANG_WARN_STRICT_PROTOTYPES = YES;
				CLANG_WARN_SUSPICIOUS_MOVE = YES;
				CLANG_WARN_UNGUARDED_AVAILABILITY = YES_AGGRESSIVE;
				CLANG_WARN_UNREACHABLE_CODE = YES;
				CLANG_WARN__DUPLICATE_METHOD_MATCH = YES;
				COPY_PHASE_STRIP = NO;
				DEBUG_INFORMATION_FORMAT = dwarf;
				ENABLE_STRICT_OBJC_MSGSEND = YES;
				ENABLE_TESTABILITY = YES;
				ENABLE_USER_SCRIPT_SANDBOXING = YES;
				GCC_C_LANGUAGE_STANDARD = gnu11;
				GCC_DYNAMIC_NO_PIC = NO;
				GCC_NO_COMMON_BLOCKS = YES;
				GCC_OPTIMIZATION_LEVEL = 0;
				GCC_PREPROCESSOR_DEFINITIONS = (
					"DEBUG=1",
					"$(inherited)",
				);
				GCC_WARN_64_TO_32_BIT_CONVERSION = YES;
				GCC_WARN_ABOUT_RETURN_TYPE = YES_ERROR;
				GCC_WARN_UNDECLARED_SELECTOR = YES;
				GCC_WARN_UNINITIALIZED_AUTOS = YES_AGGRESSIVE;
				GCC_WARN_UNUSED_FUNCTION = YES;
				GCC_WARN_UNUSED_VARIABLE = YES;
				IPHONEOS_DEPLOYMENT_TARGET = 15.5;
				MTL_ENABLE_DEBUG_INFO = INCLUDE_SOURCE;
				MTL_FAST_MATH = YES;
				ONLY_ACTIVE_ARCH = YES;
				SDKROOT = iphoneos;
				SWIFT_ACTIVE_COMPILATION_CONDITIONS = DEBUG;
				SWIFT_OPTIMIZATION_LEVEL = "-Onone";
			};
			name = Debug;
		};
		D7E8A86E28B56F2C00F40736 /* Release */ = {
			isa = XCBuildConfiguration;
			buildSettings = {
				ALWAYS_SEARCH_USER_PATHS = NO;
				CLANG_ANALYZER_NONNULL = YES;
				CLANG_ANALYZER_NUMBER_OBJECT_CONVERSION = YES_AGGRESSIVE;
				CLANG_CXX_LANGUAGE_STANDARD = "gnu++17";
				CLANG_ENABLE_MODULES = YES;
				CLANG_ENABLE_OBJC_ARC = YES;
				CLANG_ENABLE_OBJC_WEAK = YES;
				CLANG_WARN_BLOCK_CAPTURE_AUTORELEASING = YES;
				CLANG_WARN_BOOL_CONVERSION = YES;
				CLANG_WARN_COMMA = YES;
				CLANG_WARN_CONSTANT_CONVERSION = YES;
				CLANG_WARN_DEPRECATED_OBJC_IMPLEMENTATIONS = YES;
				CLANG_WARN_DIRECT_OBJC_ISA_USAGE = YES_ERROR;
				CLANG_WARN_DOCUMENTATION_COMMENTS = YES;
				CLANG_WARN_EMPTY_BODY = YES;
				CLANG_WARN_ENUM_CONVERSION = YES;
				CLANG_WARN_INFINITE_RECURSION = YES;
				CLANG_WARN_INT_CONVERSION = YES;
				CLANG_WARN_NON_LITERAL_NULL_CONVERSION = YES;
				CLANG_WARN_OBJC_IMPLICIT_RETAIN_SELF = YES;
				CLANG_WARN_OBJC_LITERAL_CONVERSION = YES;
				CLANG_WARN_OBJC_ROOT_CLASS = YES_ERROR;
				CLANG_WARN_QUOTED_INCLUDE_IN_FRAMEWORK_HEADER = YES;
				CLANG_WARN_RANGE_LOOP_ANALYSIS = YES;
				CLANG_WARN_STRICT_PROTOTYPES = YES;
				CLANG_WARN_SUSPICIOUS_MOVE = YES;
				CLANG_WARN_UNGUARDED_AVAILABILITY = YES_AGGRESSIVE;
				CLANG_WARN_UNREACHABLE_CODE = YES;
				CLANG_WARN__DUPLICATE_METHOD_MATCH = YES;
				COPY_PHASE_STRIP = NO;
				DEBUG_INFORMATION_FORMAT = "dwarf-with-dsym";
				ENABLE_NS_ASSERTIONS = NO;
				ENABLE_STRICT_OBJC_MSGSEND = YES;
				ENABLE_USER_SCRIPT_SANDBOXING = YES;
				GCC_C_LANGUAGE_STANDARD = gnu11;
				GCC_NO_COMMON_BLOCKS = YES;
				GCC_WARN_64_TO_32_BIT_CONVERSION = YES;
				GCC_WARN_ABOUT_RETURN_TYPE = YES_ERROR;
				GCC_WARN_UNDECLARED_SELECTOR = YES;
				GCC_WARN_UNINITIALIZED_AUTOS = YES_AGGRESSIVE;
				GCC_WARN_UNUSED_FUNCTION = YES;
				GCC_WARN_UNUSED_VARIABLE = YES;
				IPHONEOS_DEPLOYMENT_TARGET = 15.5;
				MTL_ENABLE_DEBUG_INFO = NO;
				MTL_FAST_MATH = YES;
				SDKROOT = iphoneos;
				SWIFT_COMPILATION_MODE = wholemodule;
				SWIFT_OPTIMIZATION_LEVEL = "-O";
				VALIDATE_PRODUCT = YES;
			};
			name = Release;
		};
		D7E8A87028B56F2C00F40736 /* Debug */ = {
			isa = XCBuildConfiguration;
			buildSettings = {
				ASSETCATALOG_COMPILER_APPICON_NAME = AppIcon;
				ASSETCATALOG_COMPILER_GLOBAL_ACCENT_COLOR_NAME = AccentColor;
				CODE_SIGN_STYLE = Automatic;
				CURRENT_PROJECT_VERSION = 1;
				DEVELOPMENT_ASSET_PATHS = "\"TuringMachineSimulator/Preview Content\"";
				DEVELOPMENT_TEAM = AUP52MS6LU;
				ENABLE_PREVIEWS = YES;
				ENABLE_USER_SCRIPT_SANDBOXING = NO;
				GENERATE_INFOPLIST_FILE = YES;
				INFOPLIST_FILE = TuringMachineSimulator/Info.plist;
				INFOPLIST_KEY_CFBundleDisplayName = "Turing Machine";
				INFOPLIST_KEY_LSApplicationCategoryType = "public.app-category.education";
				INFOPLIST_KEY_LSSupportsOpeningDocumentsInPlace = NO;
				INFOPLIST_KEY_UIApplicationSupportsIndirectInputEvents = YES;
				INFOPLIST_KEY_UILaunchScreen_Generation = YES;
				INFOPLIST_KEY_UIRequiresFullScreen = YES;
				INFOPLIST_KEY_UISupportedInterfaceOrientations_iPad = "UIInterfaceOrientationPortrait UIInterfaceOrientationPortraitUpsideDown UIInterfaceOrientationLandscapeLeft UIInterfaceOrientationLandscapeRight";
				INFOPLIST_KEY_UISupportedInterfaceOrientations_iPhone = UIInterfaceOrientationPortrait;
				IPHONEOS_DEPLOYMENT_TARGET = 16.0;
				LD_RUNPATH_SEARCH_PATHS = (
					"$(inherited)",
					"@executable_path/Frameworks",
				);
				MARKETING_VERSION = 1.4;
				PRODUCT_BUNDLE_IDENTIFIER = com.swiftui.TuringMachineSimulator;
				PRODUCT_NAME = "$(TARGET_NAME)";
				SWIFT_EMIT_LOC_STRINGS = YES;
				SWIFT_VERSION = 5.0;
				TARGETED_DEVICE_FAMILY = "1,2";
			};
			name = Debug;
		};
		D7E8A87128B56F2C00F40736 /* Release */ = {
			isa = XCBuildConfiguration;
			buildSettings = {
				ASSETCATALOG_COMPILER_APPICON_NAME = AppIcon;
				ASSETCATALOG_COMPILER_GLOBAL_ACCENT_COLOR_NAME = AccentColor;
				CODE_SIGN_STYLE = Automatic;
				CURRENT_PROJECT_VERSION = 1;
				DEVELOPMENT_ASSET_PATHS = "\"TuringMachineSimulator/Preview Content\"";
				DEVELOPMENT_TEAM = AUP52MS6LU;
				ENABLE_PREVIEWS = YES;
				ENABLE_USER_SCRIPT_SANDBOXING = NO;
				GENERATE_INFOPLIST_FILE = YES;
				INFOPLIST_FILE = TuringMachineSimulator/Info.plist;
				INFOPLIST_KEY_CFBundleDisplayName = "Turing Machine";
				INFOPLIST_KEY_LSApplicationCategoryType = "public.app-category.education";
				INFOPLIST_KEY_LSSupportsOpeningDocumentsInPlace = NO;
				INFOPLIST_KEY_UIApplicationSupportsIndirectInputEvents = YES;
				INFOPLIST_KEY_UILaunchScreen_Generation = YES;
				INFOPLIST_KEY_UIRequiresFullScreen = YES;
				INFOPLIST_KEY_UISupportedInterfaceOrientations_iPad = "UIInterfaceOrientationPortrait UIInterfaceOrientationPortraitUpsideDown UIInterfaceOrientationLandscapeLeft UIInterfaceOrientationLandscapeRight";
				INFOPLIST_KEY_UISupportedInterfaceOrientations_iPhone = UIInterfaceOrientationPortrait;
				IPHONEOS_DEPLOYMENT_TARGET = 16.0;
				LD_RUNPATH_SEARCH_PATHS = (
					"$(inherited)",
					"@executable_path/Frameworks",
				);
				MARKETING_VERSION = 1.4;
				PRODUCT_BUNDLE_IDENTIFIER = com.swiftui.TuringMachineSimulator;
				PRODUCT_NAME = "$(TARGET_NAME)";
				SWIFT_EMIT_LOC_STRINGS = YES;
				SWIFT_VERSION = 5.0;
				TARGETED_DEVICE_FAMILY = "1,2";
			};
			name = Release;
		};
/* End XCBuildConfiguration section */

/* Begin XCConfigurationList section */
		D7E8A85728B56F2100F40736 /* Build configuration list for PBXProject "TuringMachineSimulator" */ = {
			isa = XCConfigurationList;
			buildConfigurations = (
				D7E8A86D28B56F2C00F40736 /* Debug */,
				D7E8A86E28B56F2C00F40736 /* Release */,
			);
			defaultConfigurationIsVisible = 0;
			defaultConfigurationName = Release;
		};
		D7E8A86F28B56F2C00F40736 /* Build configuration list for PBXNativeTarget "TuringMachineSimulator" */ = {
			isa = XCConfigurationList;
			buildConfigurations = (
				D7E8A87028B56F2C00F40736 /* Debug */,
				D7E8A87128B56F2C00F40736 /* Release */,
			);
			defaultConfigurationIsVisible = 0;
			defaultConfigurationName = Release;
		};
/* End XCConfigurationList section */

/* Begin XCRemoteSwiftPackageReference section */
		D70DC53C2B4ED49A00C643E0 /* XCRemoteSwiftPackageReference "Swinject" */ = {
			isa = XCRemoteSwiftPackageReference;
			repositoryURL = "https://github.com/Swinject/Swinject.git";
			requirement = {
				kind = upToNextMajorVersion;
				minimumVersion = 2.8.4;
			};
		};
/* End XCRemoteSwiftPackageReference section */

/* Begin XCSwiftPackageProductDependency section */
		D70DC53D2B4ED49A00C643E0 /* Swinject */ = {
			isa = XCSwiftPackageProductDependency;
			package = D70DC53C2B4ED49A00C643E0 /* XCRemoteSwiftPackageReference "Swinject" */;
			productName = Swinject;
		};
/* End XCSwiftPackageProductDependency section */

/* Begin XCVersionGroup section */
		D70DC4DE2B4ED06600C643E0 /* TuringMachineCoreData.xcdatamodeld */ = {
			isa = XCVersionGroup;
			children = (
				D70DC4DF2B4ED06600C643E0 /* TestTuringMachine.xcdatamodel */,
			);
			currentVersion = D70DC4DF2B4ED06600C643E0 /* TestTuringMachine.xcdatamodel */;
			path = TuringMachineCoreData.xcdatamodeld;
			sourceTree = "<group>";
			versionGroupType = wrapper.xcdatamodel;
		};
/* End XCVersionGroup section */
	};
	rootObject = D7E8A85428B56F2100F40736 /* Project object */;
}
